{
  "name": "@krishnamohan/zerohour-dep-guard",
  "version": "1.0.0",
  "lockfileVersion": 3,
  "requires": true,
  "packages": {
    "": {
      "name": "@krishnamohan/zerohour-dep-guard",
      "version": "1.0.0",
      "license": "MIT",
      "bin": {
        "zerohour": "bin/cli.js"
      }
    }
  }
}
